
Microsoft Visual Studio Solution File, Format Version 12.00
# Visual Studio Express 2012 for Windows Desktop
Project("{FAE04EC0-301F-11D3-BF4B-00C04F79EFBC}") = "proyecto1", "proyecto1\proyecto1.csproj", "{10EE9C5C-1A08-4542-AD79-8B3DE3E59840}"
EndProject
Global
	GlobalSection(SolutionConfigurationPlatforms) = preSolution
		Debug|Any CPU = Debug|Any CPU
		Release|Any CPU = Release|Any CPU
	EndGlobalSection
	GlobalSection(ProjectConfigurationPlatforms) = postSolution
		{10EE9C5C-1A08-4542-AD79-8B3DE3E59840}.Debug|Any CPU.ActiveCfg = Debug|Any CPU
		{10EE9C5C-1A08-4542-AD79-8B3DE3E59840}.Debug|Any CPU.Build.0 = Debug|Any CPU
		{10EE9C5C-1A08-4542-AD79-8B3DE3E59840}.Release|Any CPU.ActiveCfg = Release|Any CPU
		{10EE9C5C-1A08-4542-AD79-8B3DE3E59840}.Release|Any CPU.Build.0 = Release|Any CPU
	EndGlobalSection
	GlobalSection(SolutionProperties) = preSolution
		HideSolutionNode = FALSE
	EndGlobalSection
EndGlobal
